
Microsoft Visual Studio Solution File, Format Version 12.00
# Visual Studio 15
VisualStudioVersion = 15.0.27703.2042
MinimumVisualStudioVersion = 10.0.40219.1
Project("{FAE04EC0-301F-11D3-BF4B-00C04F79EFBC}") = "TestKryptonWinForms", "TestKryptonWinForms\TestKryptonWinForms.csproj", "{13C9DD25-0037-4FBE-8D2C-B3049B693DBE}"
EndProject
Global
	GlobalSection(SolutionConfigurationPlatforms) = preSolution
		Debug|Any CPU = Debug|Any CPU
		Release|Any CPU = Release|Any CPU
	EndGlobalSection
	GlobalSection(ProjectConfigurationPlatforms) = postSolution
		{13C9DD25-0037-4FBE-8D2C-B3049B693DBE}.Debug|Any CPU.ActiveCfg = Debug|Any CPU
		{13C9DD25-0037-4FBE-8D2C-B3049B693DBE}.Debug|Any CPU.Build.0 = Debug|Any CPU
		{13C9DD25-0037-4FBE-8D2C-B3049B693DBE}.Release|Any CPU.ActiveCfg = Release|Any CPU
		{13C9DD25-0037-4FBE-8D2C-B3049B693DBE}.Release|Any CPU.Build.0 = Release|Any CPU
	EndGlobalSection
	GlobalSection(SolutionProperties) = preSolution
		HideSolutionNode = FALSE
	EndGlobalSection
	GlobalSection(ExtensibilityGlobals) = postSolution
		SolutionGuid = {2E4E10A8-EC50-4FE6-8214-BC7C907A8A0A}
	EndGlobalSection
EndGlobal
